{
  "name": "@popovmp/config-json",
  "version": "1.1.3",
  "lockfileVersion": 1,
  "requires": true,
  "dependencies": {
    "@popovmp/micro-logger": {
      "version": "1.3.2",
      "resolved": "https://registry.npmjs.org/@popovmp/micro-logger/-/micro-logger-1.3.2.tgz",
      "integrity": "sha512-C0RnHNBGCUi9UPjeKV2Z35RsVGW0NoFwH1EU4d5rUA286zT6jCYvj9qYbM5XZdBJSh89iTGYUhfKHANKkxSD5A=="
    },
    "@popovmp/mocha-tiny": {
      "version": "1.1.0",
      "resolved": "https://registry.npmjs.org/@popovmp/mocha-tiny/-/mocha-tiny-1.1.0.tgz",
      "integrity": "sha512-2Jy5rXXv8aNIBpRtRyCsVKDnReqRAGX+JYdf1DMgSI9rKnRgj0w5J03C1Fi5f8QSw7XHBii2PAzkxvrMBxbnJg==",
      "dev": true
    }
  }
}
