{
  "name": "@popovmp/config-json",
  "version": "1.1.0",
  "lockfileVersion": 1,
  "requires": true,
  "dependencies": {
    "@popovmp/micro-logger": {
      "version": "1.2.1",
      "resolved": "https://registry.npmjs.org/@popovmp/micro-logger/-/micro-logger-1.2.1.tgz",
      "integrity": "sha512-PH3sc6liN5KsQgpFYM5yMyHkH+wAzbS73XeT+hNJeKeY69b3K7NLy/AlagbftyLJKmGkbDp+kPjXJBIaGoWVCQ=="
    },
    "@popovmp/micro-tester": {
      "version": "1.0.1",
      "resolved": "https://registry.npmjs.org/@popovmp/micro-tester/-/micro-tester-1.0.1.tgz",
      "integrity": "sha512-7uGEvvg9umLBccHgq3YykZVIN5doULExIJUzgrnbz0LS5kNnV+dqOFBGMQFiYhlq3JhTDM9Gb7GGeI79wjFaCg==",
      "dev": true
    }
  }
}
